// !$*UTF8*$!
{
	archiveVersion = 1;
	classes = {
	};
	objectVersion = 46;
	objects = {

/* Begin PBXBuildFile section */
		511046151FD109D100DCDC2A /* DYGameViewModel.swift in Sources */ = {isa = PBXBuildFile; fileRef = 511046141FD109D100DCDC2A /* DYGameViewModel.swift */; };
		511130621FBE67A1001CB8D9 /* DYRecommedCycleView.swift in Sources */ = {isa = PBXBuildFile; fileRef = 511130611FBE67A1001CB8D9 /* DYRecommedCycleView.swift */; };
		511130641FBE67B1001CB8D9 /* DYRecommedCycleView.xib in Resources */ = {isa = PBXBuildFile; fileRef = 511130631FBE67B1001CB8D9 /* DYRecommedCycleView.xib */; };
		511130671FBE7028001CB8D9 /* DYCollectionCycleCell.swift in Sources */ = {isa = PBXBuildFile; fileRef = 511130651FBE7028001CB8D9 /* DYCollectionCycleCell.swift */; };
		511130681FBE7028001CB8D9 /* DYCollectionCycleCell.xib in Resources */ = {isa = PBXBuildFile; fileRef = 511130661FBE7028001CB8D9 /* DYCollectionCycleCell.xib */; };
		5111306A1FBE85A5001CB8D9 /* DYCycleModel.swift in Sources */ = {isa = PBXBuildFile; fileRef = 511130691FBE85A5001CB8D9 /* DYCycleModel.swift */; };
		511130701FBEC3C6001CB8D9 /* DYCollectionGameView.swift in Sources */ = {isa = PBXBuildFile; fileRef = 5111306F1FBEC3C6001CB8D9 /* DYCollectionGameView.swift */; };
		511130721FBEC3CF001CB8D9 /* DYCollectionGameView.xib in Resources */ = {isa = PBXBuildFile; fileRef = 511130711FBEC3CF001CB8D9 /* DYCollectionGameView.xib */; };
		511130751FBEC8F6001CB8D9 /* DYCollectionGameCell.swift in Sources */ = {isa = PBXBuildFile; fileRef = 511130731FBEC8F6001CB8D9 /* DYCollectionGameCell.swift */; };
		511130761FBEC8F6001CB8D9 /* DYCollectionGameCell.xib in Resources */ = {isa = PBXBuildFile; fileRef = 511130741FBEC8F6001CB8D9 /* DYCollectionGameCell.xib */; };
		514717D61FD28282003CCB1F /* DYAmuseViewController.swift in Sources */ = {isa = PBXBuildFile; fileRef = 514717D51FD28282003CCB1F /* DYAmuseViewController.swift */; };
		51492F541F9D774D00EE7ED7 /* WebP.framework in Frameworks */ = {isa = PBXBuildFile; fileRef = 51492F521F9D774D00EE7ED7 /* WebP.framework */; };
		51492F551F9D774D00EE7ED7 /* libYZwebp.a in Frameworks */ = {isa = PBXBuildFile; fileRef = 51492F531F9D774D00EE7ED7 /* libYZwebp.a */; };
		51492F701F9D827C00EE7ED7 /* Home.storyboard in Resources */ = {isa = PBXBuildFile; fileRef = 51492F6E1F9D827C00EE7ED7 /* Home.storyboard */; };
		51492F731F9D829000EE7ED7 /* Live.storyboard in Resources */ = {isa = PBXBuildFile; fileRef = 51492F711F9D829000EE7ED7 /* Live.storyboard */; };
		51492F761F9D82B700EE7ED7 /* Follow.storyboard in Resources */ = {isa = PBXBuildFile; fileRef = 51492F741F9D82B700EE7ED7 /* Follow.storyboard */; };
		51492F791F9D82CD00EE7ED7 /* Profile.storyboard in Resources */ = {isa = PBXBuildFile; fileRef = 51492F771F9D82CD00EE7ED7 /* Profile.storyboard */; };
		51492F801F9D9AEE00EE7ED7 /* MainViewController.swift in Sources */ = {isa = PBXBuildFile; fileRef = 51492F7D1F9D9AEE00EE7ED7 /* MainViewController.swift */; };
		51492F8E1F9D9BE200EE7ED7 /* DYHomeViewController.swift in Sources */ = {isa = PBXBuildFile; fileRef = 51492F8D1F9D9BE200EE7ED7 /* DYHomeViewController.swift */; };
		51492FC21F9DD6F400EE7ED7 /* UIBarButtonItem-Extension.swift in Sources */ = {isa = PBXBuildFile; fileRef = 51492FC11F9DD6F400EE7ED7 /* UIBarButtonItem-Extension.swift */; };
		51492FC41F9DE72600EE7ED7 /* DYPageTitleView.swift in Sources */ = {isa = PBXBuildFile; fileRef = 51492FC31F9DE72600EE7ED7 /* DYPageTitleView.swift */; };
		51492FC61F9DED8500EE7ED7 /* Common.swift in Sources */ = {isa = PBXBuildFile; fileRef = 51492FC51F9DED8500EE7ED7 /* Common.swift */; };
		51492FCA1F9EDBF600EE7ED7 /* DYPageContentView.swift in Sources */ = {isa = PBXBuildFile; fileRef = 51492FC91F9EDBF600EE7ED7 /* DYPageContentView.swift */; };
		51492FCC1F9EDFBF00EE7ED7 /* UIColor-Extension.swift in Sources */ = {isa = PBXBuildFile; fileRef = 51492FCB1F9EDFBF00EE7ED7 /* UIColor-Extension.swift */; };
		51586A1B1FA0827E00665DB1 /* DYRecommendViewController.swift in Sources */ = {isa = PBXBuildFile; fileRef = 51586A1A1FA0827E00665DB1 /* DYRecommendViewController.swift */; };
		518509931F9B319900B14941 /* AppDelegate.swift in Sources */ = {isa = PBXBuildFile; fileRef = 518509921F9B319900B14941 /* AppDelegate.swift */; };
		518509981F9B319900B14941 /* Main.storyboard in Resources */ = {isa = PBXBuildFile; fileRef = 518509961F9B319900B14941 /* Main.storyboard */; };
		5185099A1F9B319900B14941 /* Assets.xcassets in Resources */ = {isa = PBXBuildFile; fileRef = 518509991F9B319900B14941 /* Assets.xcassets */; };
		5185099D1F9B319900B14941 /* LaunchScreen.storyboard in Resources */ = {isa = PBXBuildFile; fileRef = 5185099B1F9B319900B14941 /* LaunchScreen.storyboard */; };
		518509A81F9B319900B14941 /* DYZB_SwiftTests.swift in Sources */ = {isa = PBXBuildFile; fileRef = 518509A71F9B319900B14941 /* DYZB_SwiftTests.swift */; };
		51D4D6E41FCEB6B20011B0F5 /* DYGameViewController.swift in Sources */ = {isa = PBXBuildFile; fileRef = 51D4D6E31FCEB6B20011B0F5 /* DYGameViewController.swift */; };
		51DCB5391FBC2ADC00CCA952 /* DYCollectionHeaderView.swift in Sources */ = {isa = PBXBuildFile; fileRef = 51DCB5371FBC2ADC00CCA952 /* DYCollectionHeaderView.swift */; };
		51DCB53A1FBC2ADC00CCA952 /* DYCollectionHeaderView.xib in Resources */ = {isa = PBXBuildFile; fileRef = 51DCB5381FBC2ADC00CCA952 /* DYCollectionHeaderView.xib */; };
		51DCB53D1FBC2F9B00CCA952 /* DYCollectionNormalCell.swift in Sources */ = {isa = PBXBuildFile; fileRef = 51DCB53B1FBC2F9B00CCA952 /* DYCollectionNormalCell.swift */; };
		51DCB53E1FBC2F9B00CCA952 /* DYCollectionNormalCell.xib in Resources */ = {isa = PBXBuildFile; fileRef = 51DCB53C1FBC2F9B00CCA952 /* DYCollectionNormalCell.xib */; };
		51DCB5411FBC358D00CCA952 /* DYCollectionPrettyCell.swift in Sources */ = {isa = PBXBuildFile; fileRef = 51DCB53F1FBC358D00CCA952 /* DYCollectionPrettyCell.swift */; };
		51DCB5421FBC358D00CCA952 /* DYCollectionPrettyCell.xib in Resources */ = {isa = PBXBuildFile; fileRef = 51DCB5401FBC358D00CCA952 /* DYCollectionPrettyCell.xib */; };
		51E3AB5B1FBD41BB00CC4FFD /* NetworkTools.swift in Sources */ = {isa = PBXBuildFile; fileRef = 51E3AB5A1FBD41BB00CC4FFD /* NetworkTools.swift */; };
		51E3AB5E1FBD61CE00CC4FFD /* DYRecommenViewModel.swift in Sources */ = {isa = PBXBuildFile; fileRef = 51E3AB5D1FBD61CE00CC4FFD /* DYRecommenViewModel.swift */; };
		51E3AB601FBD657700CC4FFD /* NSDate-Extension.swift in Sources */ = {isa = PBXBuildFile; fileRef = 51E3AB5F1FBD657700CC4FFD /* NSDate-Extension.swift */; };
		51E3AB641FBD6A7900CC4FFD /* DYAnchorGroup.swift in Sources */ = {isa = PBXBuildFile; fileRef = 51E3AB631FBD6A7900CC4FFD /* DYAnchorGroup.swift */; };
		51E3AB661FBD6D6100CC4FFD /* DYAnchorModel.swift in Sources */ = {isa = PBXBuildFile; fileRef = 51E3AB651FBD6D6100CC4FFD /* DYAnchorModel.swift */; };
		51E3AB681FBD906900CC4FFD /* DYCollectionBaseCell.swift in Sources */ = {isa = PBXBuildFile; fileRef = 51E3AB671FBD906900CC4FFD /* DYCollectionBaseCell.swift */; };
		51F1146D1FD13438007DB729 /* DYGameModel.swift in Sources */ = {isa = PBXBuildFile; fileRef = 51F1146C1FD13438007DB729 /* DYGameModel.swift */; };
		51F1146F1FD136EE007DB729 /* DYBaseGameModel.swift in Sources */ = {isa = PBXBuildFile; fileRef = 51F1146E1FD136EE007DB729 /* DYBaseGameModel.swift */; };
		6309D237DCA48F04CC244D5F /* Pods_DYZB_SwiftTests.framework in Frameworks */ = {isa = PBXBuildFile; fileRef = 03DB90C77D1FB7767F076B48 /* Pods_DYZB_SwiftTests.framework */; };
		E275318CBA9717627306EFCE /* Pods_DYZB_Swift.framework in Frameworks */ = {isa = PBXBuildFile; fileRef = E4461FEC237AC96E0A095D05 /* Pods_DYZB_Swift.framework */; };
/* End PBXBuildFile section */

/* Begin PBXContainerItemProxy section */
		518509A41F9B319900B14941 /* PBXContainerItemProxy */ = {
			isa = PBXContainerItemProxy;
			containerPortal = 518509871F9B319900B14941 /* Project object */;
			proxyType = 1;
			remoteGlobalIDString = 5185098E1F9B319900B14941;
			remoteInfo = DYZB_Swift;
		};
/* End PBXContainerItemProxy section */

/* Begin PBXFileReference section */
		03DB90C77D1FB7767F076B48 /* Pods_DYZB_SwiftTests.framework */ = {isa = PBXFileReference; explicitFileType = wrapper.framework; includeInIndex = 0; path = Pods_DYZB_SwiftTests.framework; sourceTree = BUILT_PRODUCTS_DIR; };
		3737FCAE1BAD669603884299 /* Pods-DYZB_Swift.debug.xcconfig */ = {isa = PBXFileReference; includeInIndex = 1; lastKnownFileType = text.xcconfig; name = "Pods-DYZB_Swift.debug.xcconfig"; path = "Pods/Target Support Files/Pods-DYZB_Swift/Pods-DYZB_Swift.debug.xcconfig"; sourceTree = "<group>"; };
		511046141FD109D100DCDC2A /* DYGameViewModel.swift */ = {isa = PBXFileReference; lastKnownFileType = sourcecode.swift; path = DYGameViewModel.swift; sourceTree = "<group>"; };
		511130611FBE67A1001CB8D9 /* DYRecommedCycleView.swift */ = {isa = PBXFileReference; lastKnownFileType = sourcecode.swift; path = DYRecommedCycleView.swift; sourceTree = "<group>"; };
		511130631FBE67B1001CB8D9 /* DYRecommedCycleView.xib */ = {isa = PBXFileReference; lastKnownFileType = file.xib; path = DYRecommedCycleView.xib; sourceTree = "<group>"; };
		511130651FBE7028001CB8D9 /* DYCollectionCycleCell.swift */ = {isa = PBXFileReference; lastKnownFileType = sourcecode.swift; path = DYCollectionCycleCell.swift; sourceTree = "<group>"; };
		511130661FBE7028001CB8D9 /* DYCollectionCycleCell.xib */ = {isa = PBXFileReference; lastKnownFileType = file.xib; path = DYCollectionCycleCell.xib; sourceTree = "<group>"; };
		511130691FBE85A5001CB8D9 /* DYCycleModel.swift */ = {isa = PBXFileReference; lastKnownFileType = sourcecode.swift; path = DYCycleModel.swift; sourceTree = "<group>"; };
		5111306F1FBEC3C6001CB8D9 /* DYCollectionGameView.swift */ = {isa = PBXFileReference; lastKnownFileType = sourcecode.swift; path = DYCollectionGameView.swift; sourceTree = "<group>"; };
		511130711FBEC3CF001CB8D9 /* DYCollectionGameView.xib */ = {isa = PBXFileReference; lastKnownFileType = file.xib; path = DYCollectionGameView.xib; sourceTree = "<group>"; };
		511130731FBEC8F6001CB8D9 /* DYCollectionGameCell.swift */ = {isa = PBXFileReference; lastKnownFileType = sourcecode.swift; path = DYCollectionGameCell.swift; sourceTree = "<group>"; };
		511130741FBEC8F6001CB8D9 /* DYCollectionGameCell.xib */ = {isa = PBXFileReference; lastKnownFileType = file.xib; path = DYCollectionGameCell.xib; sourceTree = "<group>"; };
		514717D51FD28282003CCB1F /* DYAmuseViewController.swift */ = {isa = PBXFileReference; lastKnownFileType = sourcecode.swift; path = DYAmuseViewController.swift; sourceTree = "<group>"; };
		51492F511F9D774D00EE7ED7 /* UIImage+WebP.h */ = {isa = PBXFileReference; fileEncoding = 4; lastKnownFileType = sourcecode.c.h; path = "UIImage+WebP.h"; sourceTree = "<group>"; };
		51492F521F9D774D00EE7ED7 /* WebP.framework */ = {isa = PBXFileReference; lastKnownFileType = wrapper.framework; path = WebP.framework; sourceTree = "<group>"; };
		51492F531F9D774D00EE7ED7 /* libYZwebp.a */ = {isa = PBXFileReference; lastKnownFileType = archive.ar; path = libYZwebp.a; sourceTree = "<group>"; };
		51492F6F1F9D827C00EE7ED7 /* Base */ = {isa = PBXFileReference; lastKnownFileType = file.storyboard; name = Base; path = DYZB_Swift/Base.lproj/Home.storyboard; sourceTree = SOURCE_ROOT; };
		51492F721F9D829000EE7ED7 /* Base */ = {isa = PBXFileReference; lastKnownFileType = file.storyboard; name = Base; path = DYZB_Swift/Base.lproj/Live.storyboard; sourceTree = SOURCE_ROOT; };
		51492F751F9D82B700EE7ED7 /* Base */ = {isa = PBXFileReference; lastKnownFileType = file.storyboard; name = Base; path = DYZB_Swift/Base.lproj/Follow.storyboard; sourceTree = SOURCE_ROOT; };
		51492F781F9D82CD00EE7ED7 /* Base */ = {isa = PBXFileReference; lastKnownFileType = file.storyboard; name = Base; path = DYZB_Swift/Base.lproj/Profile.storyboard; sourceTree = SOURCE_ROOT; };
		51492F7D1F9D9AEE00EE7ED7 /* MainViewController.swift */ = {isa = PBXFileReference; fileEncoding = 4; lastKnownFileType = sourcecode.swift; path = MainViewController.swift; sourceTree = "<group>"; };
		51492F8D1F9D9BE200EE7ED7 /* DYHomeViewController.swift */ = {isa = PBXFileReference; fileEncoding = 4; lastKnownFileType = sourcecode.swift; path = DYHomeViewController.swift; sourceTree = "<group>"; };
		51492FC11F9DD6F400EE7ED7 /* UIBarButtonItem-Extension.swift */ = {isa = PBXFileReference; fileEncoding = 4; lastKnownFileType = sourcecode.swift; path = "UIBarButtonItem-Extension.swift"; sourceTree = "<group>"; };
		51492FC31F9DE72600EE7ED7 /* DYPageTitleView.swift */ = {isa = PBXFileReference; fileEncoding = 4; lastKnownFileType = sourcecode.swift; path = DYPageTitleView.swift; sourceTree = "<group>"; };
		51492FC51F9DED8500EE7ED7 /* Common.swift */ = {isa = PBXFileReference; fileEncoding = 4; lastKnownFileType = sourcecode.swift; path = Common.swift; sourceTree = "<group>"; };
		51492FC91F9EDBF600EE7ED7 /* DYPageContentView.swift */ = {isa = PBXFileReference; fileEncoding = 4; lastKnownFileType = sourcecode.swift; path = DYPageContentView.swift; sourceTree = "<group>"; };
		51492FCB1F9EDFBF00EE7ED7 /* UIColor-Extension.swift */ = {isa = PBXFileReference; fileEncoding = 4; lastKnownFileType = sourcecode.swift; path = "UIColor-Extension.swift"; sourceTree = "<group>"; };
		51586A1A1FA0827E00665DB1 /* DYRecommendViewController.swift */ = {isa = PBXFileReference; fileEncoding = 4; lastKnownFileType = sourcecode.swift; path = DYRecommendViewController.swift; sourceTree = "<group>"; };
		5185098F1F9B319900B14941 /* DYZB_Swift.app */ = {isa = PBXFileReference; explicitFileType = wrapper.application; includeInIndex = 0; path = DYZB_Swift.app; sourceTree = BUILT_PRODUCTS_DIR; };
		518509921F9B319900B14941 /* AppDelegate.swift */ = {isa = PBXFileReference; lastKnownFileType = sourcecode.swift; path = AppDelegate.swift; sourceTree = "<group>"; };
		518509971F9B319900B14941 /* Base */ = {isa = PBXFileReference; lastKnownFileType = file.storyboard; name = Base; path = Base.lproj/Main.storyboard; sourceTree = "<group>"; };
		518509991F9B319900B14941 /* Assets.xcassets */ = {isa = PBXFileReference; lastKnownFileType = folder.assetcatalog; path = Assets.xcassets; sourceTree = "<group>"; };
		5185099C1F9B319900B14941 /* Base */ = {isa = PBXFileReference; lastKnownFileType = file.storyboard; name = Base; path = Base.lproj/LaunchScreen.storyboard; sourceTree = "<group>"; };
		5185099E1F9B319900B14941 /* Info.plist */ = {isa = PBXFileReference; lastKnownFileType = text.plist.xml; path = Info.plist; sourceTree = "<group>"; };
		518509A31F9B319900B14941 /* DYZB_SwiftTests.xctest */ = {isa = PBXFileReference; explicitFileType = wrapper.cfbundle; includeInIndex = 0; path = DYZB_SwiftTests.xctest; sourceTree = BUILT_PRODUCTS_DIR; };
		518509A71F9B319900B14941 /* DYZB_SwiftTests.swift */ = {isa = PBXFileReference; lastKnownFileType = sourcecode.swift; path = DYZB_SwiftTests.swift; sourceTree = "<group>"; };
		518509A91F9B319900B14941 /* Info.plist */ = {isa = PBXFileReference; lastKnownFileType = text.plist.xml; path = Info.plist; sourceTree = "<group>"; };
		51D4D6E31FCEB6B20011B0F5 /* DYGameViewController.swift */ = {isa = PBXFileReference; lastKnownFileType = sourcecode.swift; path = DYGameViewController.swift; sourceTree = "<group>"; };
		51DCB5371FBC2ADC00CCA952 /* DYCollectionHeaderView.swift */ = {isa = PBXFileReference; lastKnownFileType = sourcecode.swift; path = DYCollectionHeaderView.swift; sourceTree = "<group>"; };
		51DCB5381FBC2ADC00CCA952 /* DYCollectionHeaderView.xib */ = {isa = PBXFileReference; lastKnownFileType = file.xib; path = DYCollectionHeaderView.xib; sourceTree = "<group>"; };
		51DCB53B1FBC2F9B00CCA952 /* DYCollectionNormalCell.swift */ = {isa = PBXFileReference; lastKnownFileType = sourcecode.swift; path = DYCollectionNormalCell.swift; sourceTree = "<group>"; };
		51DCB53C1FBC2F9B00CCA952 /* DYCollectionNormalCell.xib */ = {isa = PBXFileReference; lastKnownFileType = file.xib; path = DYCollectionNormalCell.xib; sourceTree = "<group>"; };
		51DCB53F1FBC358D00CCA952 /* DYCollectionPrettyCell.swift */ = {isa = PBXFileReference; lastKnownFileType = sourcecode.swift; path = DYCollectionPrettyCell.swift; sourceTree = "<group>"; };
		51DCB5401FBC358D00CCA952 /* DYCollectionPrettyCell.xib */ = {isa = PBXFileReference; lastKnownFileType = file.xib; path = DYCollectionPrettyCell.xib; sourceTree = "<group>"; };
		51E3AB5A1FBD41BB00CC4FFD /* NetworkTools.swift */ = {isa = PBXFileReference; lastKnownFileType = sourcecode.swift; path = NetworkTools.swift; sourceTree = "<group>"; };
		51E3AB5D1FBD61CE00CC4FFD /* DYRecommenViewModel.swift */ = {isa = PBXFileReference; lastKnownFileType = sourcecode.swift; path = DYRecommenViewModel.swift; sourceTree = "<group>"; };
		51E3AB5F1FBD657700CC4FFD /* NSDate-Extension.swift */ = {isa = PBXFileReference; lastKnownFileType = sourcecode.swift; path = "NSDate-Extension.swift"; sourceTree = "<group>"; };
		51E3AB631FBD6A7900CC4FFD /* DYAnchorGroup.swift */ = {isa = PBXFileReference; lastKnownFileType = sourcecode.swift; path = DYAnchorGroup.swift; sourceTree = "<group>"; };
		51E3AB651FBD6D6100CC4FFD /* DYAnchorModel.swift */ = {isa = PBXFileReference; lastKnownFileType = sourcecode.swift; path = DYAnchorModel.swift; sourceTree = "<group>"; };
		51E3AB671FBD906900CC4FFD /* DYCollectionBaseCell.swift */ = {isa = PBXFileReference; lastKnownFileType = sourcecode.swift; path = DYCollectionBaseCell.swift; sourceTree = "<group>"; };
		51F1146C1FD13438007DB729 /* DYGameModel.swift */ = {isa = PBXFileReference; lastKnownFileType = sourcecode.swift; path = DYGameModel.swift; sourceTree = "<group>"; };
		51F1146E1FD136EE007DB729 /* DYBaseGameModel.swift */ = {isa = PBXFileReference; lastKnownFileType = sourcecode.swift; path = DYBaseGameModel.swift; sourceTree = "<group>"; };
		74694CFE9562DB7D27BAD8D0 /* Pods-DYZB_SwiftTests.release.xcconfig */ = {isa = PBXFileReference; includeInIndex = 1; lastKnownFileType = text.xcconfig; name = "Pods-DYZB_SwiftTests.release.xcconfig"; path = "Pods/Target Support Files/Pods-DYZB_SwiftTests/Pods-DYZB_SwiftTests.release.xcconfig"; sourceTree = "<group>"; };
		74C75A882A7EC5D3E3DE5C85 /* Pods-DYZB_Swift.release.xcconfig */ = {isa = PBXFileReference; includeInIndex = 1; lastKnownFileType = text.xcconfig; name = "Pods-DYZB_Swift.release.xcconfig"; path = "Pods/Target Support Files/Pods-DYZB_Swift/Pods-DYZB_Swift.release.xcconfig"; sourceTree = "<group>"; };
		D75A237C27AB019ED0656B60 /* Pods-DYZB_SwiftTests.debug.xcconfig */ = {isa = PBXFileReference; includeInIndex = 1; lastKnownFileType = text.xcconfig; name = "Pods-DYZB_SwiftTests.debug.xcconfig"; path = "Pods/Target Support Files/Pods-DYZB_SwiftTests/Pods-DYZB_SwiftTests.debug.xcconfig"; sourceTree = "<group>"; };
		E4461FEC237AC96E0A095D05 /* Pods_DYZB_Swift.framework */ = {isa = PBXFileReference; explicitFileType = wrapper.framework; includeInIndex = 0; path = Pods_DYZB_Swift.framework; sourceTree = BUILT_PRODUCTS_DIR; };
/* End PBXFileReference section */

/* Begin PBXFrameworksBuildPhase section */
		5185098C1F9B319900B14941 /* Frameworks */ = {
			isa = PBXFrameworksBuildPhase;
			buildActionMask = 2147483647;
			files = (
				51492F551F9D774D00EE7ED7 /* libYZwebp.a in Frameworks */,
				51492F541F9D774D00EE7ED7 /* WebP.framework in Frameworks */,
				E275318CBA9717627306EFCE /* Pods_DYZB_Swift.framework in Frameworks */,
			);
			runOnlyForDeploymentPostprocessing = 0;
		};
		518509A01F9B319900B14941 /* Frameworks */ = {
			isa = PBXFrameworksBuildPhase;
			buildActionMask = 2147483647;
			files = (
				6309D237DCA48F04CC244D5F /* Pods_DYZB_SwiftTests.framework in Frameworks */,
			);
			runOnlyForDeploymentPostprocessing = 0;
		};
/* End PBXFrameworksBuildPhase section */

/* Begin PBXGroup section */
		2B1806145A9E6C60F6AB9C87 /* Frameworks */ = {
			isa = PBXGroup;
			children = (
				E4461FEC237AC96E0A095D05 /* Pods_DYZB_Swift.framework */,
				03DB90C77D1FB7767F076B48 /* Pods_DYZB_SwiftTests.framework */,
			);
			name = Frameworks;
			sourceTree = "<group>";
		};
		51492F491F9D771700EE7ED7 /* DYZBResouce */ = {
			isa = PBXGroup;
			children = (
			);
			name = DYZBResouce;
			path = Tools/DYZBResouce;
			sourceTree = "<group>";
		};
		51492F4E1F9D774D00EE7ED7 /* YZwebp */ = {
			isa = PBXGroup;
			children = (
				51492F4F1F9D774D00EE7ED7 /* include */,
				51492F531F9D774D00EE7ED7 /* libYZwebp.a */,
			);
			path = YZwebp;
			sourceTree = "<group>";
		};
		51492F4F1F9D774D00EE7ED7 /* include */ = {
			isa = PBXGroup;
			children = (
				51492F501F9D774D00EE7ED7 /* YZwebp */,
			);
			path = include;
			sourceTree = "<group>";
		};
		51492F501F9D774D00EE7ED7 /* YZwebp */ = {
			isa = PBXGroup;
			children = (
				51492F511F9D774D00EE7ED7 /* UIImage+WebP.h */,
				51492F521F9D774D00EE7ED7 /* WebP.framework */,
			);
			path = YZwebp;
			sourceTree = "<group>";
		};
		51492F7C1F9D9AEE00EE7ED7 /* Controller */ = {
			isa = PBXGroup;
			children = (
				518509961F9B319900B14941 /* Main.storyboard */,
				51492F7D1F9D9AEE00EE7ED7 /* MainViewController.swift */,
			);
			path = Controller;
			sourceTree = "<group>";
		};
		51492F7E1F9D9AEE00EE7ED7 /* Model */ = {
			isa = PBXGroup;
			children = (
				51E3AB631FBD6A7900CC4FFD /* DYAnchorGroup.swift */,
				51E3AB651FBD6D6100CC4FFD /* DYAnchorModel.swift */,
				51F1146E1FD136EE007DB729 /* DYBaseGameModel.swift */,
			);
			path = Model;
			sourceTree = "<group>";
		};
		51492F7F1F9D9AEE00EE7ED7 /* View */ = {
			isa = PBXGroup;
			children = (
				51492FC31F9DE72600EE7ED7 /* DYPageTitleView.swift */,
				51492FC91F9EDBF600EE7ED7 /* DYPageContentView.swift */,
				51DCB53B1FBC2F9B00CCA952 /* DYCollectionNormalCell.swift */,
				51DCB53C1FBC2F9B00CCA952 /* DYCollectionNormalCell.xib */,
				51DCB53F1FBC358D00CCA952 /* DYCollectionPrettyCell.swift */,
				51DCB5401FBC358D00CCA952 /* DYCollectionPrettyCell.xib */,
				51E3AB671FBD906900CC4FFD /* DYCollectionBaseCell.swift */,
			);
			path = View;
			sourceTree = "<group>";
		};
		51492F811F9D9B1700EE7ED7 /* Controller */ = {
			isa = PBXGroup;
			children = (
				51492F741F9D82B700EE7ED7 /* Follow.storyboard */,
			);
			path = Controller;
			sourceTree = "<group>";
		};
		51492F821F9D9B1700EE7ED7 /* Model */ = {
			isa = PBXGroup;
			children = (
			);
			path = Model;
			sourceTree = "<group>";
		};
		51492F831F9D9B1700EE7ED7 /* View */ = {
			isa = PBXGroup;
			children = (
			);
			path = View;
			sourceTree = "<group>";
		};
		51492F841F9D9B2000EE7ED7 /* Controller */ = {
			isa = PBXGroup;
			children = (
				51492F6E1F9D827C00EE7ED7 /* Home.storyboard */,
				51492F8D1F9D9BE200EE7ED7 /* DYHomeViewController.swift */,
				51586A1A1FA0827E00665DB1 /* DYRecommendViewController.swift */,
				51D4D6E31FCEB6B20011B0F5 /* DYGameViewController.swift */,
				514717D51FD28282003CCB1F /* DYAmuseViewController.swift */,
			);
			path = Controller;
			sourceTree = "<group>";
		};
		51492F851F9D9B2000EE7ED7 /* Model */ = {
			isa = PBXGroup;
			children = (
				511130691FBE85A5001CB8D9 /* DYCycleModel.swift */,
				51F1146C1FD13438007DB729 /* DYGameModel.swift */,
			);
			path = Model;
			sourceTree = "<group>";
		};
		51492F861F9D9B2000EE7ED7 /* View */ = {
			isa = PBXGroup;
			children = (
				51DCB5371FBC2ADC00CCA952 /* DYCollectionHeaderView.swift */,
				51DCB5381FBC2ADC00CCA952 /* DYCollectionHeaderView.xib */,
				511130611FBE67A1001CB8D9 /* DYRecommedCycleView.swift */,
				511130631FBE67B1001CB8D9 /* DYRecommedCycleView.xib */,
				511130651FBE7028001CB8D9 /* DYCollectionCycleCell.swift */,
				511130661FBE7028001CB8D9 /* DYCollectionCycleCell.xib */,
				5111306F1FBEC3C6001CB8D9 /* DYCollectionGameView.swift */,
				511130711FBEC3CF001CB8D9 /* DYCollectionGameView.xib */,
				511130731FBEC8F6001CB8D9 /* DYCollectionGameCell.swift */,
				511130741FBEC8F6001CB8D9 /* DYCollectionGameCell.xib */,
			);
			path = View;
			sourceTree = "<group>";
		};
		51492F871F9D9B2800EE7ED7 /* Controller */ = {
			isa = PBXGroup;
			children = (
				51492F711F9D829000EE7ED7 /* Live.storyboard */,
			);
			path = Controller;
			sourceTree = "<group>";
		};
		51492F881F9D9B2800EE7ED7 /* Model */ = {
			isa = PBXGroup;
			children = (
			);
			path = Model;
			sourceTree = "<group>";
		};
		51492F891F9D9B2800EE7ED7 /* View */ = {
			isa = PBXGroup;
			children = (
			);
			path = View;
			sourceTree = "<group>";
		};
		51492F8A1F9D9B3000EE7ED7 /* Controller */ = {
			isa = PBXGroup;
			children = (
				51492F771F9D82CD00EE7ED7 /* Profile.storyboard */,
			);
			path = Controller;
			sourceTree = "<group>";
		};
		51492F8B1F9D9B3000EE7ED7 /* Model */ = {
			isa = PBXGroup;
			children = (
			);
			path = Model;
			sourceTree = "<group>";
		};
		51492F8C1F9D9B3000EE7ED7 /* View */ = {
			isa = PBXGroup;
			children = (
			);
			path = View;
			sourceTree = "<group>";
		};
		51492FC01F9DD3DC00EE7ED7 /* Extension */ = {
			isa = PBXGroup;
			children = (
				51492FC11F9DD6F400EE7ED7 /* UIBarButtonItem-Extension.swift */,
				51492FCB1F9EDFBF00EE7ED7 /* UIColor-Extension.swift */,
				51E3AB5F1FBD657700CC4FFD /* NSDate-Extension.swift */,
			);
			path = Extension;
			sourceTree = "<group>";
		};
		518509861F9B319900B14941 = {
			isa = PBXGroup;
			children = (
				518509911F9B319900B14941 /* DYZB_Swift */,
				518509A61F9B319900B14941 /* DYZB_SwiftTests */,
				518509901F9B319900B14941 /* Products */,
				B304FB65DB193173C5307B18 /* Pods */,
				2B1806145A9E6C60F6AB9C87 /* Frameworks */,
			);
			sourceTree = "<group>";
		};
		518509901F9B319900B14941 /* Products */ = {
			isa = PBXGroup;
			children = (
				5185098F1F9B319900B14941 /* DYZB_Swift.app */,
				518509A31F9B319900B14941 /* DYZB_SwiftTests.xctest */,
			);
			name = Products;
			sourceTree = "<group>";
		};
		518509911F9B319900B14941 /* DYZB_Swift */ = {
			isa = PBXGroup;
			children = (
				518509B21F9B36F200B14941 /* Classes */,
				518509921F9B319900B14941 /* AppDelegate.swift */,
				518509991F9B319900B14941 /* Assets.xcassets */,
				5185099B1F9B319900B14941 /* LaunchScreen.storyboard */,
				5185099E1F9B319900B14941 /* Info.plist */,
			);
			path = DYZB_Swift;
			sourceTree = "<group>";
		};
		518509A61F9B319900B14941 /* DYZB_SwiftTests */ = {
			isa = PBXGroup;
			children = (
				518509A71F9B319900B14941 /* DYZB_SwiftTests.swift */,
				518509A91F9B319900B14941 /* Info.plist */,
			);
			path = DYZB_SwiftTests;
			sourceTree = "<group>";
		};
		518509B21F9B36F200B14941 /* Classes */ = {
			isa = PBXGroup;
			children = (
				518509B61F9B36F200B14941 /* Main */,
				518509B41F9B36F200B14941 /* Home */,
				518509B51F9B36F200B14941 /* Live */,
				518509B31F9B36F200B14941 /* Follow */,
				518509B71F9B36F200B14941 /* Profile */,
				518509B81F9B36F200B14941 /* Tools */,
				51492F491F9D771700EE7ED7 /* DYZBResouce */,
			);
			path = Classes;
			sourceTree = "<group>";
		};
		518509B31F9B36F200B14941 /* Follow */ = {
			isa = PBXGroup;
			children = (
				51492F821F9D9B1700EE7ED7 /* Model */,
				51492F831F9D9B1700EE7ED7 /* View */,
				51492F811F9D9B1700EE7ED7 /* Controller */,
			);
			path = Follow;
			sourceTree = "<group>";
		};
		518509B41F9B36F200B14941 /* Home */ = {
			isa = PBXGroup;
			children = (
				51E3AB5C1FBD617F00CC4FFD /* ViewModel */,
				51492F851F9D9B2000EE7ED7 /* Model */,
				51492F861F9D9B2000EE7ED7 /* View */,
				51492F841F9D9B2000EE7ED7 /* Controller */,
			);
			path = Home;
			sourceTree = "<group>";
		};
		518509B51F9B36F200B14941 /* Live */ = {
			isa = PBXGroup;
			children = (
				51492F881F9D9B2800EE7ED7 /* Model */,
				51492F891F9D9B2800EE7ED7 /* View */,
				51492F871F9D9B2800EE7ED7 /* Controller */,
			);
			path = Live;
			sourceTree = "<group>";
		};
		518509B61F9B36F200B14941 /* Main */ = {
			isa = PBXGroup;
			children = (
				51492F7E1F9D9AEE00EE7ED7 /* Model */,
				51492F7F1F9D9AEE00EE7ED7 /* View */,
				51492F7C1F9D9AEE00EE7ED7 /* Controller */,
			);
			path = Main;
			sourceTree = "<group>";
		};
		518509B71F9B36F200B14941 /* Profile */ = {
			isa = PBXGroup;
			children = (
				51492F8B1F9D9B3000EE7ED7 /* Model */,
				51492F8C1F9D9B3000EE7ED7 /* View */,
				51492F8A1F9D9B3000EE7ED7 /* Controller */,
			);
			path = Profile;
			sourceTree = "<group>";
		};
		518509B81F9B36F200B14941 /* Tools */ = {
			isa = PBXGroup;
			children = (
				51492FC01F9DD3DC00EE7ED7 /* Extension */,
				51492F4E1F9D774D00EE7ED7 /* YZwebp */,
				51492FC51F9DED8500EE7ED7 /* Common.swift */,
				51E3AB5A1FBD41BB00CC4FFD /* NetworkTools.swift */,
			);
			path = Tools;
			sourceTree = "<group>";
		};
		51E3AB5C1FBD617F00CC4FFD /* ViewModel */ = {
			isa = PBXGroup;
			children = (
				51E3AB5D1FBD61CE00CC4FFD /* DYRecommenViewModel.swift */,
				511046141FD109D100DCDC2A /* DYGameViewModel.swift */,
			);
			path = ViewModel;
			sourceTree = "<group>";
		};
		B304FB65DB193173C5307B18 /* Pods */ = {
			isa = PBXGroup;
			children = (
				3737FCAE1BAD669603884299 /* Pods-DYZB_Swift.debug.xcconfig */,
				74C75A882A7EC5D3E3DE5C85 /* Pods-DYZB_Swift.release.xcconfig */,
				D75A237C27AB019ED0656B60 /* Pods-DYZB_SwiftTests.debug.xcconfig */,
				74694CFE9562DB7D27BAD8D0 /* Pods-DYZB_SwiftTests.release.xcconfig */,
			);
			name = Pods;
			sourceTree = "<group>";
		};
/* End PBXGroup section */

/* Begin PBXNativeTarget section */
		5185098E1F9B319900B14941 /* DYZB_Swift */ = {
			isa = PBXNativeTarget;
			buildConfigurationList = 518509AC1F9B319900B14941 /* Build configuration list for PBXNativeTarget "DYZB_Swift" */;
			buildPhases = (
				82493BD6DDC7712E172CE76D /* [CP] Check Pods Manifest.lock */,
				5185098B1F9B319900B14941 /* Sources */,
				5185098C1F9B319900B14941 /* Frameworks */,
				5185098D1F9B319900B14941 /* Resources */,
				96E933BD398E9FDB4D8E877E /* [CP] Embed Pods Frameworks */,
				C4402FEB13A40BB7ECC7A585 /* [CP] Copy Pods Resources */,
			);
			buildRules = (
			);
			dependencies = (
			);
			name = DYZB_Swift;
			productName = DYZB_Swift;
			productReference = 5185098F1F9B319900B14941 /* DYZB_Swift.app */;
			productType = "com.apple.product-type.application";
		};
		518509A21F9B319900B14941 /* DYZB_SwiftTests */ = {
			isa = PBXNativeTarget;
			buildConfigurationList = 518509AF1F9B319900B14941 /* Build configuration list for PBXNativeTarget "DYZB_SwiftTests" */;
			buildPhases = (
				6CD5A8E2D6A4A0897A6BB8B6 /* [CP] Check Pods Manifest.lock */,
				5185099F1F9B319900B14941 /* Sources */,
				518509A01F9B319900B14941 /* Frameworks */,
				518509A11F9B319900B14941 /* Resources */,
				F85F28A9D4060F23FA860B40 /* [CP] Embed Pods Frameworks */,
				AA18B77C0560EE877FD5A725 /* [CP] Copy Pods Resources */,
			);
			buildRules = (
			);
			dependencies = (
				518509A51F9B319900B14941 /* PBXTargetDependency */,
			);
			name = DYZB_SwiftTests;
			productName = DYZB_SwiftTests;
			productReference = 518509A31F9B319900B14941 /* DYZB_SwiftTests.xctest */;
			productType = "com.apple.product-type.bundle.unit-test";
		};
/* End PBXNativeTarget section */

/* Begin PBXProject section */
		518509871F9B319900B14941 /* Project object */ = {
			isa = PBXProject;
			attributes = {
				CLASSPREFIX = DY;
				LastSwiftUpdateCheck = 0830;
				LastUpgradeCheck = 0830;
				ORGANIZATIONNAME = "瞿嘉洪";
				TargetAttributes = {
					5185098E1F9B319900B14941 = {
						CreatedOnToolsVersion = 8.3.3;
						DevelopmentTeam = L9687TNJ7S;
						ProvisioningStyle = Automatic;
					};
					518509A21F9B319900B14941 = {
						CreatedOnToolsVersion = 8.3.3;
						ProvisioningStyle = Automatic;
						TestTargetID = 5185098E1F9B319900B14941;
					};
				};
			};
			buildConfigurationList = 5185098A1F9B319900B14941 /* Build configuration list for PBXProject "DYZB_Swift" */;
			compatibilityVersion = "Xcode 3.2";
			developmentRegion = English;
			hasScannedForEncodings = 0;
			knownRegions = (
				en,
				Base,
			);
			mainGroup = 518509861F9B319900B14941;
			productRefGroup = 518509901F9B319900B14941 /* Products */;
			projectDirPath = "";
			projectRoot = "";
			targets = (
				5185098E1F9B319900B14941 /* DYZB_Swift */,
				518509A21F9B319900B14941 /* DYZB_SwiftTests */,
			);
		};
/* End PBXProject section */

/* Begin PBXResourcesBuildPhase section */
		5185098D1F9B319900B14941 /* Resources */ = {
			isa = PBXResourcesBuildPhase;
			buildActionMask = 2147483647;
			files = (
				511130761FBEC8F6001CB8D9 /* DYCollectionGameCell.xib in Resources */,
				51DCB5421FBC358D00CCA952 /* DYCollectionPrettyCell.xib in Resources */,
				51DCB53A1FBC2ADC00CCA952 /* DYCollectionHeaderView.xib in Resources */,
				5185099D1F9B319900B14941 /* LaunchScreen.storyboard in Resources */,
				511130641FBE67B1001CB8D9 /* DYRecommedCycleView.xib in Resources */,
				5185099A1F9B319900B14941 /* Assets.xcassets in Resources */,
				518509981F9B319900B14941 /* Main.storyboard in Resources */,
				51DCB53E1FBC2F9B00CCA952 /* DYCollectionNormalCell.xib in Resources */,
				511130681FBE7028001CB8D9 /* DYCollectionCycleCell.xib in Resources */,
				51492F731F9D829000EE7ED7 /* Live.storyboard in Resources */,
				511130721FBEC3CF001CB8D9 /* DYCollectionGameView.xib in Resources */,
				51492F701F9D827C00EE7ED7 /* Home.storyboard in Resources */,
				51492F791F9D82CD00EE7ED7 /* Profile.storyboard in Resources */,
				51492F761F9D82B700EE7ED7 /* Follow.storyboard in Resources */,
			);
			runOnlyForDeploymentPostprocessing = 0;
		};
		518509A11F9B319900B14941 /* Resources */ = {
			isa = PBXResourcesBuildPhase;
			buildActionMask = 2147483647;
			files = (
			);
			runOnlyForDeploymentPostprocessing = 0;
		};
/* End PBXResourcesBuildPhase section */

/* Begin PBXShellScriptBuildPhase section */
		6CD5A8E2D6A4A0897A6BB8B6 /* [CP] Check Pods Manifest.lock */ = {
			isa = PBXShellScriptBuildPhase;
			buildActionMask = 2147483647;
			files = (
			);
			inputPaths = (
			);
			name = "[CP] Check Pods Manifest.lock";
			outputPaths = (
			);
			runOnlyForDeploymentPostprocessing = 0;
			shellPath = /bin/sh;
			shellScript = "diff \"${PODS_PODFILE_DIR_PATH}/Podfile.lock\" \"${PODS_ROOT}/Manifest.lock\" > /dev/null\nif [ $? != 0 ] ; then\n    # print error to STDERR\n    echo \"error: The sandbox is not in sync with the Podfile.lock. Run 'pod install' or update your CocoaPods installation.\" >&2\n    exit 1\nfi\n";
			showEnvVarsInLog = 0;
		};
		82493BD6DDC7712E172CE76D /* [CP] Check Pods Manifest.lock */ = {
			isa = PBXShellScriptBuildPhase;
			buildActionMask = 2147483647;
			files = (
			);
			inputPaths = (
			);
			name = "[CP] Check Pods Manifest.lock";
			outputPaths = (
			);
			runOnlyForDeploymentPostprocessing = 0;
			shellPath = /bin/sh;
			shellScript = "diff \"${PODS_PODFILE_DIR_PATH}/Podfile.lock\" \"${PODS_ROOT}/Manifest.lock\" > /dev/null\nif [ $? != 0 ] ; then\n    # print error to STDERR\n    echo \"error: The sandbox is not in sync with the Podfile.lock. Run 'pod install' or update your CocoaPods installation.\" >&2\n    exit 1\nfi\n";
			showEnvVarsInLog = 0;
		};
		96E933BD398E9FDB4D8E877E /* [CP] Embed Pods Frameworks */ = {
			isa = PBXShellScriptBuildPhase;
			buildActionMask = 2147483647;
			files = (
			);
			inputPaths = (
			);
			name = "[CP] Embed Pods Frameworks";
			outputPaths = (
			);
			runOnlyForDeploymentPostprocessing = 0;
			shellPath = /bin/sh;
			shellScript = "\"${SRCROOT}/Pods/Target Support Files/Pods-DYZB_Swift/Pods-DYZB_Swift-frameworks.sh\"\n";
			showEnvVarsInLog = 0;
		};
		AA18B77C0560EE877FD5A725 /* [CP] Copy Pods Resources */ = {
			isa = PBXShellScriptBuildPhase;
			buildActionMask = 2147483647;
			files = (
			);
			inputPaths = (
			);
			name = "[CP] Copy Pods Resources";
			outputPaths = (
			);
			runOnlyForDeploymentPostprocessing = 0;
			shellPath = /bin/sh;
			shellScript = "\"${SRCROOT}/Pods/Target Support Files/Pods-DYZB_SwiftTests/Pods-DYZB_SwiftTests-resources.sh\"\n";
			showEnvVarsInLog = 0;
		};
		C4402FEB13A40BB7ECC7A585 /* [CP] Copy Pods Resources */ = {
			isa = PBXShellScriptBuildPhase;
			buildActionMask = 2147483647;
			files = (
			);
			inputPaths = (
			);
			name = "[CP] Copy Pods Resources";
			outputPaths = (
			);
			runOnlyForDeploymentPostprocessing = 0;
			shellPath = /bin/sh;
			shellScript = "\"${SRCROOT}/Pods/Target Support Files/Pods-DYZB_Swift/Pods-DYZB_Swift-resources.sh\"\n";
			showEnvVarsInLog = 0;
		};
		F85F28A9D4060F23FA860B40 /* [CP] Embed Pods Frameworks */ = {
			isa = PBXShellScriptBuildPhase;
			buildActionMask = 2147483647;
			files = (
			);
			inputPaths = (
			);
			name = "[CP] Embed Pods Frameworks";
			outputPaths = (
			);
			runOnlyForDeploymentPostprocessing = 0;
			shellPath = /bin/sh;
			shellScript = "\"${SRCROOT}/Pods/Target Support Files/Pods-DYZB_SwiftTests/Pods-DYZB_SwiftTests-frameworks.sh\"\n";
			showEnvVarsInLog = 0;
		};
/* End PBXShellScriptBuildPhase section */

/* Begin PBXSourcesBuildPhase section */
		5185098B1F9B319900B14941 /* Sources */ = {
			isa = PBXSourcesBuildPhase;
			buildActionMask = 2147483647;
			files = (
				51DCB5411FBC358D00CCA952 /* DYCollectionPrettyCell.swift in Sources */,
				518509931F9B319900B14941 /* AppDelegate.swift in Sources */,
				51492FCC1F9EDFBF00EE7ED7 /* UIColor-Extension.swift in Sources */,
				511130701FBEC3C6001CB8D9 /* DYCollectionGameView.swift in Sources */,
				51E3AB641FBD6A7900CC4FFD /* DYAnchorGroup.swift in Sources */,
				51492F801F9D9AEE00EE7ED7 /* MainViewController.swift in Sources */,
				51E3AB681FBD906900CC4FFD /* DYCollectionBaseCell.swift in Sources */,
				51492FC21F9DD6F400EE7ED7 /* UIBarButtonItem-Extension.swift in Sources */,
				5111306A1FBE85A5001CB8D9 /* DYCycleModel.swift in Sources */,
				51DCB5391FBC2ADC00CCA952 /* DYCollectionHeaderView.swift in Sources */,
				51492FCA1F9EDBF600EE7ED7 /* DYPageContentView.swift in Sources */,
				51D4D6E41FCEB6B20011B0F5 /* DYGameViewController.swift in Sources */,
				51586A1B1FA0827E00665DB1 /* DYRecommendViewController.swift in Sources */,
				51E3AB661FBD6D6100CC4FFD /* DYAnchorModel.swift in Sources */,
				51F1146D1FD13438007DB729 /* DYGameModel.swift in Sources */,
				511130621FBE67A1001CB8D9 /* DYRecommedCycleView.swift in Sources */,
				51DCB53D1FBC2F9B00CCA952 /* DYCollectionNormalCell.swift in Sources */,
				514717D61FD28282003CCB1F /* DYAmuseViewController.swift in Sources */,
				51492FC41F9DE72600EE7ED7 /* DYPageTitleView.swift in Sources */,
				511130751FBEC8F6001CB8D9 /* DYCollectionGameCell.swift in Sources */,
				51E3AB601FBD657700CC4FFD /* NSDate-Extension.swift in Sources */,
				511046151FD109D100DCDC2A /* DYGameViewModel.swift in Sources */,
				511130671FBE7028001CB8D9 /* DYCollectionCycleCell.swift in Sources */,
				51492FC61F9DED8500EE7ED7 /* Common.swift in Sources */,
				51E3AB5E1FBD61CE00CC4FFD /* DYRecommenViewModel.swift in Sources */,
				51E3AB5B1FBD41BB00CC4FFD /* NetworkTools.swift in Sources */,
				51F1146F1FD136EE007DB729 /* DYBaseGameModel.swift in Sources */,
				51492F8E1F9D9BE200EE7ED7 /* DYHomeViewController.swift in Sources */,
			);
			runOnlyForDeploymentPostprocessing = 0;
		};
		5185099F1F9B319900B14941 /* Sources */ = {
			isa = PBXSourcesBuildPhase;
			buildActionMask = 2147483647;
			files = (
				518509A81F9B319900B14941 /* DYZB_SwiftTests.swift in Sources */,
			);
			runOnlyForDeploymentPostprocessing = 0;
		};
/* End PBXSourcesBuildPhase section */

/* Begin PBXTargetDependency section */
		518509A51F9B319900B14941 /* PBXTargetDependency */ = {
			isa = PBXTargetDependency;
			target = 5185098E1F9B319900B14941 /* DYZB_Swift */;
			targetProxy = 518509A41F9B319900B14941 /* PBXContainerItemProxy */;
		};
/* End PBXTargetDependency section */

/* Begin PBXVariantGroup section */
		51492F6E1F9D827C00EE7ED7 /* Home.storyboard */ = {
			isa = PBXVariantGroup;
			children = (
				51492F6F1F9D827C00EE7ED7 /* Base */,
			);
			name = Home.storyboard;
			path = ../../Main;
			sourceTree = "<group>";
		};
		51492F711F9D829000EE7ED7 /* Live.storyboard */ = {
			isa = PBXVariantGroup;
			children = (
				51492F721F9D829000EE7ED7 /* Base */,
			);
			name = Live.storyboard;
			path = ../../Main;
			sourceTree = "<group>";
		};
		51492F741F9D82B700EE7ED7 /* Follow.storyboard */ = {
			isa = PBXVariantGroup;
			children = (
				51492F751F9D82B700EE7ED7 /* Base */,
			);
			name = Follow.storyboard;
			path = ../../Main;
			sourceTree = "<group>";
		};
		51492F771F9D82CD00EE7ED7 /* Profile.storyboard */ = {
			isa = PBXVariantGroup;
			children = (
				51492F781F9D82CD00EE7ED7 /* Base */,
			);
			name = Profile.storyboard;
			path = ../../Main;
			sourceTree = "<group>";
		};
		518509961F9B319900B14941 /* Main.storyboard */ = {
			isa = PBXVariantGroup;
			children = (
				518509971F9B319900B14941 /* Base */,
			);
			name = Main.storyboard;
			path = ../../..;
			sourceTree = "<group>";
		};
		5185099B1F9B319900B14941 /* LaunchScreen.storyboard */ = {
			isa = PBXVariantGroup;
			children = (
				5185099C1F9B319900B14941 /* Base */,
			);
			name = LaunchScreen.storyboard;
			sourceTree = "<group>";
		};
/* End PBXVariantGroup section */

/* Begin XCBuildConfiguration section */
		518509AA1F9B319900B14941 /* Debug */ = {
			isa = XCBuildConfiguration;
			buildSettings = {
				ALWAYS_SEARCH_USER_PATHS = NO;
				CLANG_ANALYZER_NONNULL = YES;
				CLANG_ANALYZER_NUMBER_OBJECT_CONVERSION = YES_AGGRESSIVE;
				CLANG_CXX_LANGUAGE_STANDARD = "gnu++0x";
				CLANG_CXX_LIBRARY = "libc++";
				CLANG_ENABLE_MODULES = YES;
				CLANG_ENABLE_OBJC_ARC = YES;
				CLANG_WARN_BOOL_CONVERSION = YES;
				CLANG_WARN_CONSTANT_CONVERSION = YES;
				CLANG_WARN_DIRECT_OBJC_ISA_USAGE = YES_ERROR;
				CLANG_WARN_DOCUMENTATION_COMMENTS = YES;
				CLANG_WARN_EMPTY_BODY = YES;
				CLANG_WARN_ENUM_CONVERSION = YES;
				CLANG_WARN_INFINITE_RECURSION = YES;
				CLANG_WARN_INT_CONVERSION = YES;
				CLANG_WARN_OBJC_ROOT_CLASS = YES_ERROR;
				CLANG_WARN_SUSPICIOUS_MOVE = YES;
				CLANG_WARN_UNREACHABLE_CODE = YES;
				CLANG_WARN__DUPLICATE_METHOD_MATCH = YES;
				"CODE_SIGN_IDENTITY[sdk=iphoneos*]" = "iPhone Developer";
				COPY_PHASE_STRIP = NO;
				DEBUG_INFORMATION_FORMAT = dwarf;
				ENABLE_STRICT_OBJC_MSGSEND = YES;
				ENABLE_TESTABILITY = YES;
				GCC_C_LANGUAGE_STANDARD = gnu99;
				GCC_DYNAMIC_NO_PIC = NO;
				GCC_NO_COMMON_BLOCKS = YES;
				GCC_OPTIMIZATION_LEVEL = 0;
				GCC_PREPROCESSOR_DEFINITIONS = (
					"DEBUG=1",
					"$(inherited)",
				);
				GCC_WARN_64_TO_32_BIT_CONVERSION = YES;
				GCC_WARN_ABOUT_RETURN_TYPE = YES_ERROR;
				GCC_WARN_UNDECLARED_SELECTOR = YES;
				GCC_WARN_UNINITIALIZED_AUTOS = YES_AGGRESSIVE;
				GCC_WARN_UNUSED_FUNCTION = YES;
				GCC_WARN_UNUSED_VARIABLE = YES;
				IPHONEOS_DEPLOYMENT_TARGET = 10.3;
				MTL_ENABLE_DEBUG_INFO = YES;
				ONLY_ACTIVE_ARCH = YES;
				SDKROOT = iphoneos;
				SWIFT_ACTIVE_COMPILATION_CONDITIONS = DEBUG;
				SWIFT_OPTIMIZATION_LEVEL = "-Onone";
			};
			name = Debug;
		};
		518509AB1F9B319900B14941 /* Release */ = {
			isa = XCBuildConfiguration;
			buildSettings = {
				ALWAYS_SEARCH_USER_PATHS = NO;
				CLANG_ANALYZER_NONNULL = YES;
				CLANG_ANALYZER_NUMBER_OBJECT_CONVERSION = YES_AGGRESSIVE;
				CLANG_CXX_LANGUAGE_STANDARD = "gnu++0x";
				CLANG_CXX_LIBRARY = "libc++";
				CLANG_ENABLE_MODULES = YES;
				CLANG_ENABLE_OBJC_ARC = YES;
				CLANG_WARN_BOOL_CONVERSION = YES;
				CLANG_WARN_CONSTANT_CONVERSION = YES;
				CLANG_WARN_DIRECT_OBJC_ISA_USAGE = YES_ERROR;
				CLANG_WARN_DOCUMENTATION_COMMENTS = YES;
				CLANG_WARN_EMPTY_BODY = YES;
				CLANG_WARN_ENUM_CONVERSION = YES;
				CLANG_WARN_INFINITE_RECURSION = YES;
				CLANG_WARN_INT_CONVERSION = YES;
				CLANG_WARN_OBJC_ROOT_CLASS = YES_ERROR;
				CLANG_WARN_SUSPICIOUS_MOVE = YES;
				CLANG_WARN_UNREACHABLE_CODE = YES;
				CLANG_WARN__DUPLICATE_METHOD_MATCH = YES;
				"CODE_SIGN_IDENTITY[sdk=iphoneos*]" = "iPhone Developer";
				COPY_PHASE_STRIP = NO;
				DEBUG_INFORMATION_FORMAT = "dwarf-with-dsym";
				ENABLE_NS_ASSERTIONS = NO;
				ENABLE_STRICT_OBJC_MSGSEND = YES;
				GCC_C_LANGUAGE_STANDARD = gnu99;
				GCC_NO_COMMON_BLOCKS = YES;
				GCC_WARN_64_TO_32_BIT_CONVERSION = YES;
				GCC_WARN_ABOUT_RETURN_TYPE = YES_ERROR;
				GCC_WARN_UNDECLARED_SELECTOR = YES;
				GCC_WARN_UNINITIALIZED_AUTOS = YES_AGGRESSIVE;
				GCC_WARN_UNUSED_FUNCTION = YES;
				GCC_WARN_UNUSED_VARIABLE = YES;
				IPHONEOS_DEPLOYMENT_TARGET = 10.3;
				MTL_ENABLE_DEBUG_INFO = NO;
				SDKROOT = iphoneos;
				SWIFT_OPTIMIZATION_LEVEL = "-Owholemodule";
				VALIDATE_PRODUCT = YES;
			};
			name = Release;
		};
		518509AD1F9B319900B14941 /* Debug */ = {
			isa = XCBuildConfiguration;
			baseConfigurationReference = 3737FCAE1BAD669603884299 /* Pods-DYZB_Swift.debug.xcconfig */;
			buildSettings = {
				ASSETCATALOG_COMPILER_APPICON_NAME = AppIcon;
				ASSETCATALOG_COMPILER_LAUNCHIMAGE_NAME = LaunchImage;
				DEVELOPMENT_TEAM = L9687TNJ7S;
				FRAMEWORK_SEARCH_PATHS = (
					"$(inherited)",
					"$(PROJECT_DIR)/DYZB_Swift/Classes/Tools/YZwebp/include/YZwebp",
				);
				INFOPLIST_FILE = DYZB_Swift/Info.plist;
				IPHONEOS_DEPLOYMENT_TARGET = 9.0;
				LD_RUNPATH_SEARCH_PATHS = "$(inherited) @executable_path/Frameworks";
				LIBRARY_SEARCH_PATHS = (
					"$(inherited)",
					"$(PROJECT_DIR)/DYZB_Swift/Classes/Tools/YZwebp",
				);
				PRODUCT_BUNDLE_IDENTIFIER = "Mr.Qu.DYZB-Swift";
				PRODUCT_NAME = "$(TARGET_NAME)";
				SWIFT_VERSION = 3.0;
			};
			name = Debug;
		};
		518509AE1F9B319900B14941 /* Release */ = {
			isa = XCBuildConfiguration;
			baseConfigurationReference = 74C75A882A7EC5D3E3DE5C85 /* Pods-DYZB_Swift.release.xcconfig */;
			buildSettings = {
				ASSETCATALOG_COMPILER_APPICON_NAME = AppIcon;
				ASSETCATALOG_COMPILER_LAUNCHIMAGE_NAME = LaunchImage;
				DEVELOPMENT_TEAM = L9687TNJ7S;
				FRAMEWORK_SEARCH_PATHS = (
					"$(inherited)",
					"$(PROJECT_DIR)/DYZB_Swift/Classes/Tools/YZwebp/include/YZwebp",
				);
				INFOPLIST_FILE = DYZB_Swift/Info.plist;
				IPHONEOS_DEPLOYMENT_TARGET = 9.0;
				LD_RUNPATH_SEARCH_PATHS = "$(inherited) @executable_path/Frameworks";
				LIBRARY_SEARCH_PATHS = (
					"$(inherited)",
					"$(PROJECT_DIR)/DYZB_Swift/Classes/Tools/YZwebp",
				);
				PRODUCT_BUNDLE_IDENTIFIER = "Mr.Qu.DYZB-Swift";
				PRODUCT_NAME = "$(TARGET_NAME)";
				SWIFT_VERSION = 3.0;
			};
			name = Release;
		};
		518509B01F9B319900B14941 /* Debug */ = {
			isa = XCBuildConfiguration;
			baseConfigurationReference = D75A237C27AB019ED0656B60 /* Pods-DYZB_SwiftTests.debug.xcconfig */;
			buildSettings = {
				ALWAYS_EMBED_SWIFT_STANDARD_LIBRARIES = YES;
				BUNDLE_LOADER = "$(TEST_HOST)";
				INFOPLIST_FILE = DYZB_SwiftTests/Info.plist;
				LD_RUNPATH_SEARCH_PATHS = "$(inherited) @executable_path/Frameworks @loader_path/Frameworks";
				PRODUCT_BUNDLE_IDENTIFIER = "Mr.Qu.DYZB-SwiftTests";
				PRODUCT_NAME = "$(TARGET_NAME)";
				SWIFT_VERSION = 3.0;
				TEST_HOST = "$(BUILT_PRODUCTS_DIR)/DYZB_Swift.app/DYZB_Swift";
			};
			name = Debug;
		};
		518509B11F9B319900B14941 /* Release */ = {
			isa = XCBuildConfiguration;
			baseConfigurationReference = 74694CFE9562DB7D27BAD8D0 /* Pods-DYZB_SwiftTests.release.xcconfig */;
			buildSettings = {
				ALWAYS_EMBED_SWIFT_STANDARD_LIBRARIES = YES;
				BUNDLE_LOADER = "$(TEST_HOST)";
				INFOPLIST_FILE = DYZB_SwiftTests/Info.plist;
				LD_RUNPATH_SEARCH_PATHS = "$(inherited) @executable_path/Frameworks @loader_path/Frameworks";
				PRODUCT_BUNDLE_IDENTIFIER = "Mr.Qu.DYZB-SwiftTests";
				PRODUCT_NAME = "$(TARGET_NAME)";
				SWIFT_VERSION = 3.0;
				TEST_HOST = "$(BUILT_PRODUCTS_DIR)/DYZB_Swift.app/DYZB_Swift";
			};
			name = Release;
		};
/* End XCBuildConfiguration section */

/* Begin XCConfigurationList section */
		5185098A1F9B319900B14941 /* Build configuration list for PBXProject "DYZB_Swift" */ = {
			isa = XCConfigurationList;
			buildConfigurations = (
				518509AA1F9B319900B14941 /* Debug */,
				518509AB1F9B319900B14941 /* Release */,
			);
			defaultConfigurationIsVisible = 0;
			defaultConfigurationName = Release;
		};
		518509AC1F9B319900B14941 /* Build configuration list for PBXNativeTarget "DYZB_Swift" */ = {
			isa = XCConfigurationList;
			buildConfigurations = (
				518509AD1F9B319900B14941 /* Debug */,
				518509AE1F9B319900B14941 /* Release */,
			);
			defaultConfigurationIsVisible = 0;
			defaultConfigurationName = Release;
		};
		518509AF1F9B319900B14941 /* Build configuration list for PBXNativeTarget "DYZB_SwiftTests" */ = {
			isa = XCConfigurationList;
			buildConfigurations = (
				518509B01F9B319900B14941 /* Debug */,
				518509B11F9B319900B14941 /* Release */,
			);
			defaultConfigurationIsVisible = 0;
			defaultConfigurationName = Release;
		};
/* End XCConfigurationList section */
	};
	rootObject = 518509871F9B319900B14941 /* Project object */;
}
